// !$*UTF8*$!
{
	archiveVersion = 1;
	classes = {
	};
	objectVersion = 46;
	objects = {

/* Begin PBXBuildFile section */
		3B07F7BF1BDF4A0A003B18F6 /* main.m in Sources */ = {isa = PBXBuildFile; fileRef = 3B07F7BE1BDF4A0A003B18F6 /* main.m */; };
		3B07F7C21BDF4A0A003B18F6 /* AppDelegate.m in Sources */ = {isa = PBXBuildFile; fileRef = 3B07F7C11BDF4A0A003B18F6 /* AppDelegate.m */; };
		3B07F7C51BDF4A0A003B18F6 /* ViewController.m in Sources */ = {isa = PBXBuildFile; fileRef = 3B07F7C41BDF4A0A003B18F6 /* ViewController.m */; };
		3B07F7C81BDF4A0A003B18F6 /* Main.storyboard in Resources */ = {isa = PBXBuildFile; fileRef = 3B07F7C61BDF4A0A003B18F6 /* Main.storyboard */; };
		3B07F7CA1BDF4A0A003B18F6 /* Assets.xcassets in Resources */ = {isa = PBXBuildFile; fileRef = 3B07F7C91BDF4A0A003B18F6 /* Assets.xcassets */; };
		3B07F7CD1BDF4A0A003B18F6 /* LaunchScreen.storyboard in Resources */ = {isa = PBXBuildFile; fileRef = 3B07F7CB1BDF4A0A003B18F6 /* LaunchScreen.storyboard */; };
		3B07F7D81BDF4A0A003B18F6 /* NSAttributedSting__NSMutableAttributedStringTests.m in Sources */ = {isa = PBXBuildFile; fileRef = 3B07F7D71BDF4A0A003B18F6 /* NSAttributedSting__NSMutableAttributedStringTests.m */; };
		3B07F7E31BDF4A0A003B18F6 /* NSAttributedSting__NSMutableAttributedStringUITests.m in Sources */ = {isa = PBXBuildFile; fileRef = 3B07F7E21BDF4A0A003B18F6 /* NSAttributedSting__NSMutableAttributedStringUITests.m */; };
		3B417BCA1BDF6052006BF4E7 /* 1.png in Resources */ = {isa = PBXBuildFile; fileRef = 3B417BC91BDF6052006BF4E7 /* 1.png */; settings = {ASSET_TAGS = (); }; };
/* End PBXBuildFile section */

/* Begin PBXContainerItemProxy section */
		3B07F7D41BDF4A0A003B18F6 /* PBXContainerItemProxy */ = {
			isa = PBXContainerItemProxy;
			containerPortal = 3B07F7B21BDF4A0A003B18F6 /* Project object */;
			proxyType = 1;
			remoteGlobalIDString = 3B07F7B91BDF4A0A003B18F6;
			remoteInfo = "NSAttributedSting&&NSMutableAttributedString";
		};
		3B07F7DF1BDF4A0A003B18F6 /* PBXContainerItemProxy */ = {
			isa = PBXContainerItemProxy;
			containerPortal = 3B07F7B21BDF4A0A003B18F6 /* Project object */;
			proxyType = 1;
			remoteGlobalIDString = 3B07F7B91BDF4A0A003B18F6;
			remoteInfo = "NSAttributedSting&&NSMutableAttributedString";
		};
/* End PBXContainerItemProxy section */

/* Begin PBXFileReference section */
		3B07F7BA1BDF4A0A003B18F6 /* NSAttributedSting&&NSMutableAttributedString.app */ = {isa = PBXFileReference; explicitFileType = wrapper.application; includeInIndex = 0; path = "NSAttributedSting&&NSMutableAttributedString.app"; sourceTree = BUILT_PRODUCTS_DIR; };
		3B07F7BE1BDF4A0A003B18F6 /* main.m */ = {isa = PBXFileReference; lastKnownFileType = sourcecode.c.objc; path = main.m; sourceTree = "<group>"; };
		3B07F7C01BDF4A0A003B18F6 /* AppDelegate.h */ = {isa = PBXFileReference; lastKnownFileType = sourcecode.c.h; path = AppDelegate.h; sourceTree = "<group>"; };
		3B07F7C11BDF4A0A003B18F6 /* AppDelegate.m */ = {isa = PBXFileReference; lastKnownFileType = sourcecode.c.objc; path = AppDelegate.m; sourceTree = "<group>"; };
		3B07F7C31BDF4A0A003B18F6 /* ViewController.h */ = {isa = PBXFileReference; lastKnownFileType = sourcecode.c.h; path = ViewController.h; sourceTree = "<group>"; };
		3B07F7C41BDF4A0A003B18F6 /* ViewController.m */ = {isa = PBXFileReference; lastKnownFileType = sourcecode.c.objc; path = ViewController.m; sourceTree = "<group>"; };
		3B07F7C71BDF4A0A003B18F6 /* Base */ = {isa = PBXFileReference; lastKnownFileType = file.storyboard; name = Base; path = Base.lproj/Main.storyboard; sourceTree = "<group>"; };
		3B07F7C91BDF4A0A003B18F6 /* Assets.xcassets */ = {isa = PBXFileReference; lastKnownFileType = folder.assetcatalog; path = Assets.xcassets; sourceTree = "<group>"; };
		3B07F7CC1BDF4A0A003B18F6 /* Base */ = {isa = PBXFileReference; lastKnownFileType = file.storyboard; name = Base; path = Base.lproj/LaunchScreen.storyboard; sourceTree = "<group>"; };
		3B07F7CE1BDF4A0A003B18F6 /* Info.plist */ = {isa = PBXFileReference; lastKnownFileType = text.plist.xml; path = Info.plist; sourceTree = "<group>"; };
		3B07F7D31BDF4A0A003B18F6 /* NSAttributedSting&&NSMutableAttributedStringTests.xctest */ = {isa = PBXFileReference; explicitFileType = wrapper.cfbundle; includeInIndex = 0; path = "NSAttributedSting&&NSMutableAttributedStringTests.xctest"; sourceTree = BUILT_PRODUCTS_DIR; };
		3B07F7D71BDF4A0A003B18F6 /* NSAttributedSting__NSMutableAttributedStringTests.m */ = {isa = PBXFileReference; lastKnownFileType = sourcecode.c.objc; path = NSAttributedSting__NSMutableAttributedStringTests.m; sourceTree = "<group>"; };
		3B07F7D91BDF4A0A003B18F6 /* Info.plist */ = {isa = PBXFileReference; lastKnownFileType = text.plist.xml; path = Info.plist; sourceTree = "<group>"; };
		3B07F7DE1BDF4A0A003B18F6 /* NSAttributedSting&&NSMutableAttributedStringUITests.xctest */ = {isa = PBXFileReference; explicitFileType = wrapper.cfbundle; includeInIndex = 0; path = "NSAttributedSting&&NSMutableAttributedStringUITests.xctest"; sourceTree = BUILT_PRODUCTS_DIR; };
		3B07F7E21BDF4A0A003B18F6 /* NSAttributedSting__NSMutableAttributedStringUITests.m */ = {isa = PBXFileReference; lastKnownFileType = sourcecode.c.objc; path = NSAttributedSting__NSMutableAttributedStringUITests.m; sourceTree = "<group>"; };
		3B07F7E41BDF4A0A003B18F6 /* Info.plist */ = {isa = PBXFileReference; lastKnownFileType = text.plist.xml; path = Info.plist; sourceTree = "<group>"; };
		3B417BC91BDF6052006BF4E7 /* 1.png */ = {isa = PBXFileReference; lastKnownFileType = image.png; path = 1.png; sourceTree = "<group>"; };
/* End PBXFileReference section */

/* Begin PBXFrameworksBuildPhase section */
		3B07F7B71BDF4A0A003B18F6 /* Frameworks */ = {
			isa = PBXFrameworksBuildPhase;
			buildActionMask = 2147483647;
			files = (
			);
			runOnlyForDeploymentPostprocessing = 0;
		};
		3B07F7D01BDF4A0A003B18F6 /* Frameworks */ = {
			isa = PBXFrameworksBuildPhase;
			buildActionMask = 2147483647;
			files = (
			);
			runOnlyForDeploymentPostprocessing = 0;
		};
		3B07F7DB1BDF4A0A003B18F6 /* Frameworks */ = {
			isa = PBXFrameworksBuildPhase;
			buildActionMask = 2147483647;
			files = (
			);
			runOnlyForDeploymentPostprocessing = 0;
		};
/* End PBXFrameworksBuildPhase section */

/* Begin PBXGroup section */
		3B07F7B11BDF4A0A003B18F6 = {
			isa = PBXGroup;
			children = (
				3B07F7BC1BDF4A0A003B18F6 /* NSAttributedSting&&NSMutableAttributedString */,
				3B07F7D61BDF4A0A003B18F6 /* NSAttributedSting&&NSMutableAttributedStringTests */,
				3B07F7E11BDF4A0A003B18F6 /* NSAttributedSting&&NSMutableAttributedStringUITests */,
				3B07F7BB1BDF4A0A003B18F6 /* Products */,
			);
			sourceTree = "<group>";
		};
		3B07F7BB1BDF4A0A003B18F6 /* Products */ = {
			isa = PBXGroup;
			children = (
				3B07F7BA1BDF4A0A003B18F6 /* NSAttributedSting&&NSMutableAttributedString.app */,
				3B07F7D31BDF4A0A003B18F6 /* NSAttributedSting&&NSMutableAttributedStringTests.xctest */,
				3B07F7DE1BDF4A0A003B18F6 /* NSAttributedSting&&NSMutableAttributedStringUITests.xctest */,
			);
			name = Products;
			sourceTree = "<group>";
		};
		3B07F7BC1BDF4A0A003B18F6 /* NSAttributedSting&&NSMutableAttributedString */ = {
			isa = PBXGroup;
			children = (
				3B07F7C01BDF4A0A003B18F6 /* AppDelegate.h */,
				3B07F7C11BDF4A0A003B18F6 /* AppDelegate.m */,
				3B07F7C31BDF4A0A003B18F6 /* ViewController.h */,
				3B417BC91BDF6052006BF4E7 /* 1.png */,
				3B07F7C41BDF4A0A003B18F6 /* ViewController.m */,
				3B07F7C61BDF4A0A003B18F6 /* Main.storyboard */,
				3B07F7C91BDF4A0A003B18F6 /* Assets.xcassets */,
				3B07F7CB1BDF4A0A003B18F6 /* LaunchScreen.storyboard */,
				3B07F7CE1BDF4A0A003B18F6 /* Info.plist */,
				3B07F7BD1BDF4A0A003B18F6 /* Supporting Files */,
			);
			path = "NSAttributedSting&&NSMutableAttributedString";
			sourceTree = "<group>";
		};
		3B07F7BD1BDF4A0A003B18F6 /* Supporting Files */ = {
			isa = PBXGroup;
			children = (
				3B07F7BE1BDF4A0A003B18F6 /* main.m */,
			);
			name = "Supporting Files";
			sourceTree = "<group>";
		};
		3B07F7D61BDF4A0A003B18F6 /* NSAttributedSting&&NSMutableAttributedStringTests */ = {
			isa = PBXGroup;
			children = (
				3B07F7D71BDF4A0A003B18F6 /* NSAttributedSting__NSMutableAttributedStringTests.m */,
				3B07F7D91BDF4A0A003B18F6 /* Info.plist */,
			);
			path = "NSAttributedSting&&NSMutableAttributedStringTests";
			sourceTree = "<group>";
		};
		3B07F7E11BDF4A0A003B18F6 /* NSAttributedSting&&NSMutableAttributedStringUITests */ = {
			isa = PBXGroup;
			children = (
				3B07F7E21BDF4A0A003B18F6 /* NSAttributedSting__NSMutableAttributedStringUITests.m */,
				3B07F7E41BDF4A0A003B18F6 /* Info.plist */,
			);
			path = "NSAttributedSting&&NSMutableAttributedStringUITests";
			sourceTree = "<group>";
		};
/* End PBXGroup section */

/* Begin PBXNativeTarget section */
		3B07F7B91BDF4A0A003B18F6 /* NSAttributedSting&&NSMutableAttributedString */ = {
			isa = PBXNativeTarget;
			buildConfigurationList = 3B07F7E71BDF4A0A003B18F6 /* Build configuration list for PBXNativeTarget "NSAttributedSting&&NSMutableAttributedString" */;
			buildPhases = (
				3B07F7B61BDF4A0A003B18F6 /* Sources */,
				3B07F7B71BDF4A0A003B18F6 /* Frameworks */,
				3B07F7B81BDF4A0A003B18F6 /* Resources */,
			);
			buildRules = (
			);
			dependencies = (
			);
			name = "NSAttributedSting&&NSMutableAttributedString";
			productName = "NSAttributedSting&&NSMutableAttributedString";
			productReference = 3B07F7BA1BDF4A0A003B18F6 /* NSAttributedSting&&NSMutableAttributedString.app */;
			productType = "com.apple.product-type.application";
		};
		3B07F7D21BDF4A0A003B18F6 /* NSAttributedSting&&NSMutableAttributedStringTests */ = {
			isa = PBXNativeTarget;
			buildConfigurationList = 3B07F7EA1BDF4A0A003B18F6 /* Build configuration list for PBXNativeTarget "NSAttributedSting&&NSMutableAttributedStringTests" */;
			buildPhases = (
				3B07F7CF1BDF4A0A003B18F6 /* Sources */,
				3B07F7D01BDF4A0A003B18F6 /* Frameworks */,
				3B07F7D11BDF4A0A003B18F6 /* Resources */,
			);
			buildRules = (
			);
			dependencies = (
				3B07F7D51BDF4A0A003B18F6 /* PBXTargetDependency */,
			);
			name = "NSAttributedSting&&NSMutableAttributedStringTests";
			productName = "NSAttributedSting&&NSMutableAttributedStringTests";
			productReference = 3B07F7D31BDF4A0A003B18F6 /* NSAttributedSting&&NSMutableAttributedStringTests.xctest */;
			productType = "com.apple.product-type.bundle.unit-test";
		};
		3B07F7DD1BDF4A0A003B18F6 /* NSAttributedSting&&NSMutableAttributedStringUITests */ = {
			isa = PBXNativeTarget;
			buildConfigurationList = 3B07F7ED1BDF4A0A003B18F6 /* Build configuration list for PBXNativeTarget "NSAttributedSting&&NSMutableAttributedStringUITests" */;
			buildPhases = (
				3B07F7DA1BDF4A0A003B18F6 /* Sources */,
				3B07F7DB1BDF4A0A003B18F6 /* Frameworks */,
				3B07F7DC1BDF4A0A003B18F6 /* Resources */,
			);
			buildRules = (
			);
			dependencies = (
				3B07F7E01BDF4A0A003B18F6 /* PBXTargetDependency */,
			);
			name = "NSAttributedSting&&NSMutableAttributedStringUITests";
			productName = "NSAttributedSting&&NSMutableAttributedStringUITests";
			productReference = 3B07F7DE1BDF4A0A003B18F6 /* NSAttributedSting&&NSMutableAttributedStringUITests.xctest */;
			productType = "com.apple.product-type.bundle.ui-testing";
		};
/* End PBXNativeTarget section */

/* Begin PBXProject section */
		3B07F7B21BDF4A0A003B18F6 /* Project object */ = {
			isa = PBXProject;
			attributes = {
				LastUpgradeCheck = 0700;
				ORGANIZATIONNAME = MK;
				TargetAttributes = {
					3B07F7B91BDF4A0A003B18F6 = {
						CreatedOnToolsVersion = 7.0;
					};
					3B07F7D21BDF4A0A003B18F6 = {
						CreatedOnToolsVersion = 7.0;
						TestTargetID = 3B07F7B91BDF4A0A003B18F6;
					};
					3B07F7DD1BDF4A0A003B18F6 = {
						CreatedOnToolsVersion = 7.0;
						TestTargetID = 3B07F7B91BDF4A0A003B18F6;
					};
				};
			};
			buildConfigurationList = 3B07F7B51BDF4A0A003B18F6 /* Build configuration list for PBXProject "NSAttributedSting&&NSMutableAttributedString" */;
			compatibilityVersion = "Xcode 3.2";
			developmentRegion = English;
			hasScannedForEncodings = 0;
			knownRegions = (
				en,
				Base,
			);
			mainGroup = 3B07F7B11BDF4A0A003B18F6;
			productRefGroup = 3B07F7BB1BDF4A0A003B18F6 /* Products */;
			projectDirPath = "";
			projectRoot = "";
			targets = (
				3B07F7B91BDF4A0A003B18F6 /* NSAttributedSting&&NSMutableAttributedString */,
				3B07F7D21BDF4A0A003B18F6 /* NSAttributedSting&&NSMutableAttributedStringTests */,
				3B07F7DD1BDF4A0A003B18F6 /* NSAttributedSting&&NSMutableAttributedStringUITests */,
			);
		};
/* End PBXProject section */

/* Begin PBXResourcesBuildPhase section */
		3B07F7B81BDF4A0A003B18F6 /* Resources */ = {
			isa = PBXResourcesBuildPhase;
			buildActionMask = 2147483647;
			files = (
				3B07F7CD1BDF4A0A003B18F6 /* LaunchScreen.storyboard in Resources */,
				3B417BCA1BDF6052006BF4E7 /* 1.png in Resources */,
				3B07F7CA1BDF4A0A003B18F6 /* Assets.xcassets in Resources */,
				3B07F7C81BDF4A0A003B18F6 /* Main.storyboard in Resources */,
			);
			runOnlyForDeploymentPostprocessing = 0;
		};
		3B07F7D11BDF4A0A003B18F6 /* Resources */ = {
			isa = PBXResourcesBuildPhase;
			buildActionMask = 2147483647;
			files = (
			);
			runOnlyForDeploymentPostprocessing = 0;
		};
		3B07F7DC1BDF4A0A003B18F6 /* Resources */ = {
			isa = PBXResourcesBuildPhase;
			buildActionMask = 2147483647;
			files = (
			);
			runOnlyForDeploymentPostprocessing = 0;
		};
/* End PBXResourcesBuildPhase section */

/* Begin PBXSourcesBuildPhase section */
		3B07F7B61BDF4A0A003B18F6 /* Sources */ = {
			isa = PBXSourcesBuildPhase;
			buildActionMask = 2147483647;
			files = (
				3B07F7C51BDF4A0A003B18F6 /* ViewController.m in Sources */,
				3B07F7C21BDF4A0A003B18F6 /* AppDelegate.m in Sources */,
				3B07F7BF1BDF4A0A003B18F6 /* main.m in Sources */,
			);
			runOnlyForDeploymentPostprocessing = 0;
		};
		3B07F7CF1BDF4A0A003B18F6 /* Sources */ = {
			isa = PBXSourcesBuildPhase;
			buildActionMask = 2147483647;
			files = (
				3B07F7D81BDF4A0A003B18F6 /* NSAttributedSting__NSMutableAttributedStringTests.m in Sources */,
			);
			runOnlyForDeploymentPostprocessing = 0;
		};
		3B07F7DA1BDF4A0A003B18F6 /* Sources */ = {
			isa = PBXSourcesBuildPhase;
			buildActionMask = 2147483647;
			files = (
				3B07F7E31BDF4A0A003B18F6 /* NSAttributedSting__NSMutableAttributedStringUITests.m in Sources */,
			);
			runOnlyForDeploymentPostprocessing = 0;
		};
/* End PBXSourcesBuildPhase section */

/* Begin PBXTargetDependency section */
		3B07F7D51BDF4A0A003B18F6 /* PBXTargetDependency */ = {
			isa = PBXTargetDependency;
			target = 3B07F7B91BDF4A0A003B18F6 /* NSAttributedSting&&NSMutableAttributedString */;
			targetProxy = 3B07F7D41BDF4A0A003B18F6 /* PBXContainerItemProxy */;
		};
		3B07F7E01BDF4A0A003B18F6 /* PBXTargetDependency */ = {
			isa = PBXTargetDependency;
			target = 3B07F7B91BDF4A0A003B18F6 /* NSAttributedSting&&NSMutableAttributedString */;
			targetProxy = 3B07F7DF1BDF4A0A003B18F6 /* PBXContainerItemProxy */;
		};
/* End PBXTargetDependency section */

/* Begin PBXVariantGroup section */
		3B07F7C61BDF4A0A003B18F6 /* Main.storyboard */ = {
			isa = PBXVariantGroup;
			children = (
				3B07F7C71BDF4A0A003B18F6 /* Base */,
			);
			name = Main.storyboard;
			sourceTree = "<group>";
		};
		3B07F7CB1BDF4A0A003B18F6 /* LaunchScreen.storyboard */ = {
			isa = PBXVariantGroup;
			children = (
				3B07F7CC1BDF4A0A003B18F6 /* Base */,
			);
			name = LaunchScreen.storyboard;
			sourceTree = "<group>";
		};
/* End PBXVariantGroup section */

/* Begin XCBuildConfiguration section */
		3B07F7E51BDF4A0A003B18F6 /* Debug */ = {
			isa = XCBuildConfiguration;
			buildSettings = {
				ALWAYS_SEARCH_USER_PATHS = NO;
				CLANG_CXX_LANGUAGE_STANDARD = "gnu++0x";
				CLANG_CXX_LIBRARY = "libc++";
				CLANG_ENABLE_MODULES = YES;
				CLANG_ENABLE_OBJC_ARC = YES;
				CLANG_WARN_BOOL_CONVERSION = YES;
				CLANG_WARN_CONSTANT_CONVERSION = YES;
				CLANG_WARN_DIRECT_OBJC_ISA_USAGE = YES_ERROR;
				CLANG_WARN_EMPTY_BODY = YES;
				CLANG_WARN_ENUM_CONVERSION = YES;
				CLANG_WARN_INT_CONVERSION = YES;
				CLANG_WARN_OBJC_ROOT_CLASS = YES_ERROR;
				CLANG_WARN_UNREACHABLE_CODE = YES;
				CLANG_WARN__DUPLICATE_METHOD_MATCH = YES;
				"CODE_SIGN_IDENTITY[sdk=iphoneos*]" = "iPhone Developer";
				COPY_PHASE_STRIP = NO;
				DEBUG_INFORMATION_FORMAT = dwarf;
				ENABLE_STRICT_OBJC_MSGSEND = YES;
				ENABLE_TESTABILITY = YES;
				GCC_C_LANGUAGE_STANDARD = gnu99;
				GCC_DYNAMIC_NO_PIC = NO;
				GCC_NO_COMMON_BLOCKS = YES;
				GCC_OPTIMIZATION_LEVEL = 0;
				GCC_PREPROCESSOR_DEFINITIONS = (
					"DEBUG=1",
					"$(inherited)",
				);
				GCC_WARN_64_TO_32_BIT_CONVERSION = YES;
				GCC_WARN_ABOUT_RETURN_TYPE = YES_ERROR;
				GCC_WARN_UNDECLARED_SELECTOR = YES;
				GCC_WARN_UNINITIALIZED_AUTOS = YES_AGGRESSIVE;
				GCC_WARN_UNUSED_FUNCTION = YES;
				GCC_WARN_UNUSED_VARIABLE = YES;
				IPHONEOS_DEPLOYMENT_TARGET = 9.0;
				MTL_ENABLE_DEBUG_INFO = YES;
				ONLY_ACTIVE_ARCH = YES;
				SDKROOT = iphoneos;
			};
			name = Debug;
		};
		3B07F7E61BDF4A0A003B18F6 /* Release */ = {
			isa = XCBuildConfiguration;
			buildSettings = {
				ALWAYS_SEARCH_USER_PATHS = NO;
				CLANG_CXX_LANGUAGE_STANDARD = "gnu++0x";
				CLANG_CXX_LIBRARY = "libc++";
				CLANG_ENABLE_MODULES = YES;
				CLANG_ENABLE_OBJC_ARC = YES;
				CLANG_WARN_BOOL_CONVERSION = YES;
				CLANG_WARN_CONSTANT_CONVERSION = YES;
				CLANG_WARN_DIRECT_OBJC_ISA_USAGE = YES_ERROR;
				CLANG_WARN_EMPTY_BODY = YES;
				CLANG_WARN_ENUM_CONVERSION = YES;
				CLANG_WARN_INT_CONVERSION = YES;
				CLANG_WARN_OBJC_ROOT_CLASS = YES_ERROR;
				CLANG_WARN_UNREACHABLE_CODE = YES;
				CLANG_WARN__DUPLICATE_METHOD_MATCH = YES;
				"CODE_SIGN_IDENTITY[sdk=iphoneos*]" = "iPhone Developer";
				COPY_PHASE_STRIP = NO;
				DEBUG_INFORMATION_FORMAT = "dwarf-with-dsym";
				ENABLE_NS_ASSERTIONS = NO;
				ENABLE_STRICT_OBJC_MSGSEND = YES;
				GCC_C_LANGUAGE_STANDARD = gnu99;
				GCC_NO_COMMON_BLOCKS = YES;
				GCC_WARN_64_TO_32_BIT_CONVERSION = YES;
				GCC_WARN_ABOUT_RETURN_TYPE = YES_ERROR;
				GCC_WARN_UNDECLARED_SELECTOR = YES;
				GCC_WARN_UNINITIALIZED_AUTOS = YES_AGGRESSIVE;
				GCC_WARN_UNUSED_FUNCTION = YES;
				GCC_WARN_UNUSED_VARIABLE = YES;
				IPHONEOS_DEPLOYMENT_TARGET = 9.0;
				MTL_ENABLE_DEBUG_INFO = NO;
				SDKROOT = iphoneos;
				VALIDATE_PRODUCT = YES;
			};
			name = Release;
		};
		3B07F7E81BDF4A0A003B18F6 /* Debug */ = {
			isa = XCBuildConfiguration;
			buildSettings = {
				ASSETCATALOG_COMPILER_APPICON_NAME = AppIcon;
				INFOPLIST_FILE = "NSAttributedSting&&NSMutableAttributedString/Info.plist";
				LD_RUNPATH_SEARCH_PATHS = "$(inherited) @executable_path/Frameworks";
				PRODUCT_BUNDLE_IDENTIFIER = "com.ouer.www.NSAttributedSting--NSMutableAttributedString";
				PRODUCT_NAME = "$(TARGET_NAME)";
			};
			name = Debug;
		};
		3B07F7E91BDF4A0A003B18F6 /* Release */ = {
			isa = XCBuildConfiguration;
			buildSettings = {
				ASSETCATALOG_COMPILER_APPICON_NAME = AppIcon;
				INFOPLIST_FILE = "NSAttributedSting&&NSMutableAttributedString/Info.plist";
				LD_RUNPATH_SEARCH_PATHS = "$(inherited) @executable_path/Frameworks";
				PRODUCT_BUNDLE_IDENTIFIER = "com.ouer.www.NSAttributedSting--NSMutableAttributedString";
				PRODUCT_NAME = "$(TARGET_NAME)";
			};
			name = Release;
		};
		3B07F7EB1BDF4A0A003B18F6 /* Debug */ = {
			isa = XCBuildConfiguration;
			buildSettings = {
				BUNDLE_LOADER = "$(TEST_HOST)";
				INFOPLIST_FILE = "NSAttributedSting&&NSMutableAttributedStringTests/Info.plist";
				LD_RUNPATH_SEARCH_PATHS = "$(inherited) @executable_path/Frameworks @loader_path/Frameworks";
				PRODUCT_BUNDLE_IDENTIFIER = "com.ouer.www.NSAttributedSting--NSMutableAttributedStringTests";
				PRODUCT_NAME = "$(TARGET_NAME)";
				TEST_HOST = "$(BUILT_PRODUCTS_DIR)/NSAttributedSting&&NSMutableAttributedString.app/NSAttributedSting&&NSMutableAttributedString";
			};
			name = Debug;
		};
		3B07F7EC1BDF4A0A003B18F6 /* Release */ = {
			isa = XCBuildConfiguration;
			buildSettings = {
				BUNDLE_LOADER = "$(TEST_HOST)";
				INFOPLIST_FILE = "NSAttributedSting&&NSMutableAttributedStringTests/Info.plist";
				LD_RUNPATH_SEARCH_PATHS = "$(inherited) @executable_path/Frameworks @loader_path/Frameworks";
				PRODUCT_BUNDLE_IDENTIFIER = "com.ouer.www.NSAttributedSting--NSMutableAttributedStringTests";
				PRODUCT_NAME = "$(TARGET_NAME)";
				TEST_HOST = "$(BUILT_PRODUCTS_DIR)/NSAttributedSting&&NSMutableAttributedString.app/NSAttributedSting&&NSMutableAttributedString";
			};
			name = Release;
		};
		3B07F7EE1BDF4A0A003B18F6 /* Debug */ = {
			isa = XCBuildConfiguration;
			buildSettings = {
				INFOPLIST_FILE = "NSAttributedSting&&NSMutableAttributedStringUITests/Info.plist";
				LD_RUNPATH_SEARCH_PATHS = "$(inherited) @executable_path/Frameworks @loader_path/Frameworks";
				PRODUCT_BUNDLE_IDENTIFIER = "com.ouer.www.NSAttributedSting--NSMutableAttributedStringUITests";
				PRODUCT_NAME = "$(TARGET_NAME)";
				TEST_TARGET_NAME = "NSAttributedSting&&NSMutableAttributedString";
				USES_XCTRUNNER = YES;
			};
			name = Debug;
		};
		3B07F7EF1BDF4A0A003B18F6 /* Release */ = {
			isa = XCBuildConfiguration;
			buildSettings = {
				INFOPLIST_FILE = "NSAttributedSting&&NSMutableAttributedStringUITests/Info.plist";
				LD_RUNPATH_SEARCH_PATHS = "$(inherited) @executable_path/Frameworks @loader_path/Frameworks";
				PRODUCT_BUNDLE_IDENTIFIER = "com.ouer.www.NSAttributedSting--NSMutableAttributedStringUITests";
				PRODUCT_NAME = "$(TARGET_NAME)";
				TEST_TARGET_NAME = "NSAttributedSting&&NSMutableAttributedString";
				USES_XCTRUNNER = YES;
			};
			name = Release;
		};
/* End XCBuildConfiguration section */

/* Begin XCConfigurationList section */
		3B07F7B51BDF4A0A003B18F6 /* Build configuration list for PBXProject "NSAttributedSting&&NSMutableAttributedString" */ = {
			isa = XCConfigurationList;
			buildConfigurations = (
				3B07F7E51BDF4A0A003B18F6 /* Debug */,
				3B07F7E61BDF4A0A003B18F6 /* Release */,
			);
			defaultConfigurationIsVisible = 0;
			defaultConfigurationName = Release;
		};
		3B07F7E71BDF4A0A003B18F6 /* Build configuration list for PBXNativeTarget "NSAttributedSting&&NSMutableAttributedString" */ = {
			isa = XCConfigurationList;
			buildConfigurations = (
				3B07F7E81BDF4A0A003B18F6 /* Debug */,
				3B07F7E91BDF4A0A003B18F6 /* Release */,
			);
			defaultConfigurationIsVisible = 0;
			defaultConfigurationName = Release;
		};
		3B07F7EA1BDF4A0A003B18F6 /* Build configuration list for PBXNativeTarget "NSAttributedSting&&NSMutableAttributedStringTests" */ = {
			isa = XCConfigurationList;
			buildConfigurations = (
				3B07F7EB1BDF4A0A003B18F6 /* Debug */,
				3B07F7EC1BDF4A0A003B18F6 /* Release */,
			);
			defaultConfigurationIsVisible = 0;
			defaultConfigurationName = Release;
		};
		3B07F7ED1BDF4A0A003B18F6 /* Build configuration list for PBXNativeTarget "NSAttributedSting&&NSMutableAttributedStringUITests" */ = {
			isa = XCConfigurationList;
			buildConfigurations = (
				3B07F7EE1BDF4A0A003B18F6 /* Debug */,
				3B07F7EF1BDF4A0A003B18F6 /* Release */,
			);
			defaultConfigurationIsVisible = 0;
			defaultConfigurationName = Release;
		};
/* End XCConfigurationList section */
	};
	rootObject = 3B07F7B21BDF4A0A003B18F6 /* Project object */;
}
